
Microsoft Visual Studio Solution File, Format Version 12.00
# Visual Studio Version 18
VisualStudioVersion = 18.10.12210.168 stable
MinimumVisualStudioVersion = 10.0.40219.1
Project("{00D1A9C2-B5F0-4AF3-8072-F6C62B433612}") = "uss.sql", "uss.sql\uss.sql.sqlproj", "{5EC57F5E-18B0-407C-81B2-77077522CD27}"
EndProject
Project("{FAE04EC0-301F-11D3-BF4B-00C04F79EFBC}") = "uss.entity", "uss.entity\uss.entity.csproj", "{E0DDD6CF-13BF-49DA-9081-F4B85319B625}"
EndProject
Project("{FAE04EC0-301F-11D3-BF4B-00C04F79EFBC}") = "uss.data", "uss.data\uss.data.csproj", "{F6671ED8-25AF-4A81-BD92-0E4713105701}"
EndProject
Project("{FAE04EC0-301F-11D3-BF4B-00C04F79EFBC}") = "uss.business", "uss.business\uss.business.csproj", "{EDC0A7D0-5F64-4901-A847-FAEA133BEBD3}"
EndProject
Project("{FAE04EC0-301F-11D3-BF4B-00C04F79EFBC}") = "uss.service", "uss.service\uss.service.csproj", "{97F1AD07-1F22-4607-8295-93153CF3814A}"
EndProject
Project("{FAE04EC0-301F-11D3-BF4B-00C04F79EFBC}") = "uss.ui", "uss.ui\uss.ui.csproj", "{81FCC9D9-2F15-456C-8FB0-455D942041F9}"
EndProject
Project("{FAE04EC0-301F-11D3-BF4B-00C04F79EFBC}") = "uss.model", "uss.model\uss.model.csproj", "{B9F183DE-DD3F-4A2D-A735-42D1C200F329}"
EndProject
Global
	GlobalSection(SolutionConfigurationPlatforms) = preSolution
		Debug|Any CPU = Debug|Any CPU
		Release|Any CPU = Release|Any CPU
	EndGlobalSection
	GlobalSection(ProjectConfigurationPlatforms) = postSolution
		{5EC57F5E-18B0-407C-81B2-77077522CD27}.Debug|Any CPU.ActiveCfg = Debug|Any CPU
		{5EC57F5E-18B0-407C-81B2-77077522CD27}.Debug|Any CPU.Build.0 = Debug|Any CPU
		{5EC57F5E-18B0-407C-81B2-77077522CD27}.Debug|Any CPU.Deploy.0 = Debug|Any CPU
		{5EC57F5E-18B0-407C-81B2-77077522CD27}.Release|Any CPU.ActiveCfg = Release|Any CPU
		{5EC57F5E-18B0-407C-81B2-77077522CD27}.Release|Any CPU.Build.0 = Release|Any CPU
		{5EC57F5E-18B0-407C-81B2-77077522CD27}.Release|Any CPU.Deploy.0 = Release|Any CPU
		{E0DDD6CF-13BF-49DA-9081-F4B85319B625}.Debug|Any CPU.ActiveCfg = Debug|Any CPU
		{E0DDD6CF-13BF-49DA-9081-F4B85319B625}.Debug|Any CPU.Build.0 = Debug|Any CPU
		{E0DDD6CF-13BF-49DA-9081-F4B85319B625}.Release|Any CPU.ActiveCfg = Release|Any CPU
		{E0DDD6CF-13BF-49DA-9081-F4B85319B625}.Release|Any CPU.Build.0 = Release|Any CPU
		{F6671ED8-25AF-4A81-BD92-0E4713105701}.Debug|Any CPU.ActiveCfg = Debug|Any CPU
		{F6671ED8-25AF-4A81-BD92-0E4713105701}.Debug|Any CPU.Build.0 = Debug|Any CPU
		{F6671ED8-25AF-4A81-BD92-0E4713105701}.Release|Any CPU.ActiveCfg = Release|Any CPU
		{F6671ED8-25AF-4A81-BD92-0E4713105701}.Release|Any CPU.Build.0 = Release|Any CPU
		{EDC0A7D0-5F64-4901-A847-FAEA133BEBD3}.Debug|Any CPU.ActiveCfg = Debug|Any CPU
		{EDC0A7D0-5F64-4901-A847-FAEA133BEBD3}.Debug|Any CPU.Build.0 = Debug|Any CPU
		{EDC0A7D0-5F64-4901-A847-FAEA133BEBD3}.Release|Any CPU.ActiveCfg = Release|Any CPU
		{EDC0A7D0-5F64-4901-A847-FAEA133BEBD3}.Release|Any CPU.Build.0 = Release|Any CPU
		{97F1AD07-1F22-4607-8295-93153CF3814A}.Debug|Any CPU.ActiveCfg = Debug|Any CPU
		{97F1AD07-1F22-4607-8295-93153CF3814A}.Debug|Any CPU.Build.0 = Debug|Any CPU
		{97F1AD07-1F22-4607-8295-93153CF3814A}.Release|Any CPU.ActiveCfg = Release|Any CPU
		{97F1AD07-1F22-4607-8295-93153CF3814A}.Release|Any CPU.Build.0 = Release|Any CPU
		{81FCC9D9-2F15-456C-8FB0-455D942041F9}.Debug|Any CPU.ActiveCfg = Debug|Any CPU
		{81FCC9D9-2F15-456C-8FB0-455D942041F9}.Debug|Any CPU.Build.0 = Debug|Any CPU
		{81FCC9D9-2F15-456C-8FB0-455D942041F9}.Release|Any CPU.ActiveCfg = Release|Any CPU
		{81FCC9D9-2F15-456C-8FB0-455D942041F9}.Release|Any CPU.Build.0 = Release|Any CPU
		{B9F183DE-DD3F-4A2D-A735-42D1C200F329}.Debug|Any CPU.ActiveCfg = Debug|Any CPU
		{B9F183DE-DD3F-4A2D-A735-42D1C200F329}.Debug|Any CPU.Build.0 = Debug|Any CPU
		{B9F183DE-DD3F-4A2D-A735-42D1C200F329}.Release|Any CPU.ActiveCfg = Release|Any CPU
		{B9F183DE-DD3F-4A2D-A735-42D1C200F329}.Release|Any CPU.Build.0 = Release|Any CPU
	EndGlobalSection
	GlobalSection(SolutionProperties) = preSolution
		HideSolutionNode = FALSE
	EndGlobalSection
EndGlobal
